{"format":"invokrum.lock/v1","canonicalization":"invokrum.canonical-json/v1","digest_algorithm":"sha256","manifest":{"engine_inputs_digest":"fab4cf22a0d5d9aaca45d05ce188e7322ff9257c26124cbefb608ce13c6fa896","pack":{"id":"governed-code-review","schema":"invokrum.dev/v1","digest":"8bbd994a9bdeda82ff754b9a9241b2ee4a271b4fe228587b429e207e878d1f66"},"profile":{"id":"governed-review","digest":"080997de38109cb7d0e1767eb28235b8bb771e735c1cce3ab15da8ae058076f6"},"overlays":[{"class":"core","id":"core-governance","source":"overlays/core-governance.md","byte_length":129,"digest":"4aa92a20a9bdd8090f5a2119068886f2741293db5a27ec54e088b843385b872d"},{"class":"mode","id":"review","source":"overlays/review.md","byte_length":122,"digest":"5e6b8a48212718aeaa10a9ebb590ac4c79494a6b9251789cc8447170e5f76a96"},{"class":"concern","id":"security","source":"overlays/security.md","byte_length":90,"digest":"4b62faed27bdd333906d0b421c10c8d0c3cc776723931e9235391e91ef4bd764"},{"class":"concern","id":"quality","source":"overlays/quality.md","byte_length":94,"digest":"5dfbabb0481bb7f1172da77d2e64791403f6c04ddeada094c2059457c1707795"}],"output":{"byte_length":441,"digest":"27df0d4795530eb8d0f68f7f03abc2ffa0773419ded85268b67d615e906740da"}},"manifest_digest":"d0d312cde6e258756673ade3c4639168f82a4510f7f8fe36eb3366358d247a76"}