{
  "nodes": {
    "invokrum": {
      "inputs": {
        "nixpkgs": [
          "nixpkgs"
        ],
        "rust-overlay": "rust-overlay"
      },
      "locked": {
        "lastModified": 1788887328,
        "narHash": "sha256-jN8A9sZ5WNSckqXX1K53SeFf4TC+0TKdm1i0LmELlFM=",
        "owner": "hackelia-micrantha",
        "repo": "invokrum-community",
        "rev": "fb9227f6fc2f60ac33826b5a543b9f785bb7eccd",
        "type": "github"
      },
      "original": {
        "owner": "hackelia-micrantha",
        "ref": "v0.2.1",
        "repo": "invokrum-community",
        "type": "github"
      }
    },
    "nixpkgs": {
      "locked": {
        "lastModified": 1787962033,
        "narHash": "sha256-u6z9VTZA4Kf3RkHQo9sQI7NI4Ei/uiU9vrMqOiwWP1Y=",
        "owner": "NixOS",
        "repo": "nixpkgs",
        "rev": "c5c4a43b0e8056328ec4529f735cabdb8f1942bb",
        "type": "github"
      },
      "original": {
        "owner": "NixOS",
        "repo": "nixpkgs",
        "rev": "c5c4a43b0e8056328ec4529f735cabdb8f1942bb",
        "type": "github"
      }
    },
    "root": {
      "inputs": {
        "invokrum": "invokrum",
        "nixpkgs": "nixpkgs"
      }
    },
    "rust-overlay": {
      "inputs": {
        "nixpkgs": [
          "invokrum",
          "nixpkgs"
        ]
      },
      "locked": {
        "lastModified": 1784526465,
        "narHash": "sha256-L37teKC6oINWG4PGZLIqbphMWvSQ0PEz+aWxAk+rIDw=",
        "owner": "oxalica",
        "repo": "rust-overlay",
        "rev": "58c6334db52d51fc5dd8877c90b01f00cf8a696b",
        "type": "github"
      },
      "original": {
        "owner": "oxalica",
        "repo": "rust-overlay",
        "type": "github"
      }
    }
  },
  "root": "root",
  "version": 7
}
